// !$*UTF8*$!
{
	archiveVersion = 1;
	classes = {
	};
	objectVersion = 50;
	objects = {

/* Begin PBXBuildFile section */
		53B268C12304D6CE0017C6CC /* AppDelegate.swift in Sources */ = {isa = PBXBuildFile; fileRef = 53B268C02304D6CE0017C6CC /* AppDelegate.swift */; };
		53B268C32304D6CE0017C6CC /* SceneDelegate.swift in Sources */ = {isa = PBXBuildFile; fileRef = 53B268C22304D6CE0017C6CC /* SceneDelegate.swift */; };
		53B268C52304D6CE0017C6CC /* ContentView.swift in Sources */ = {isa = PBXBuildFile; fileRef = 53B268C42304D6CE0017C6CC /* ContentView.swift */; };
		53B268C72304D6CE0017C6CC /* Assets.xcassets in Resources */ = {isa = PBXBuildFile; fileRef = 53B268C62304D6CE0017C6CC /* Assets.xcassets */; };
		53B268CA2304D6CE0017C6CC /* Preview Assets.xcassets in Resources */ = {isa = PBXBuildFile; fileRef = 53B268C92304D6CE0017C6CC /* Preview Assets.xcassets */; };
		53B268CD2304D6CE0017C6CC /* LaunchScreen.storyboard in Resources */ = {isa = PBXBuildFile; fileRef = 53B268CB2304D6CE0017C6CC /* LaunchScreen.storyboard */; };
/* End PBXBuildFile section */

/* Begin PBXFileReference section */
		53B268BD2304D6CE0017C6CC /* CapturingPhotoSwift.app */ = {isa = PBXFileReference; explicitFileType = wrapper.application; includeInIndex = 0; path = CapturingPhotoSwift.app; sourceTree = BUILT_PRODUCTS_DIR; };
		53B268C02304D6CE0017C6CC /* AppDelegate.swift */ = {isa = PBXFileReference; lastKnownFileType = sourcecode.swift; path = AppDelegate.swift; sourceTree = "<group>"; };
		53B268C22304D6CE0017C6CC /* SceneDelegate.swift */ = {isa = PBXFileReference; lastKnownFileType = sourcecode.swift; path = SceneDelegate.swift; sourceTree = "<group>"; };
		53B268C42304D6CE0017C6CC /* ContentView.swift */ = {isa = PBXFileReference; lastKnownFileType = sourcecode.swift; path = ContentView.swift; sourceTree = "<group>"; };
		53B268C62304D6CE0017C6CC /* Assets.xcassets */ = {isa = PBXFileReference; lastKnownFileType = folder.assetcatalog; path = Assets.xcassets; sourceTree = "<group>"; };
		53B268C92304D6CE0017C6CC /* Preview Assets.xcassets */ = {isa = PBXFileReference; lastKnownFileType = folder.assetcatalog; path = "Preview Assets.xcassets"; sourceTree = "<group>"; };
		53B268CC2304D6CE0017C6CC /* Base */ = {isa = PBXFileReference; lastKnownFileType = file.storyboard; name = Base; path = Base.lproj/LaunchScreen.storyboard; sourceTree = "<group>"; };
		53B268CE2304D6CE0017C6CC /* Info.plist */ = {isa = PBXFileReference; lastKnownFileType = text.plist.xml; path = Info.plist; sourceTree = "<group>"; };
/* End PBXFileReference section */

/* Begin PBXFrameworksBuildPhase section */
		53B268BA2304D6CE0017C6CC /* Frameworks */ = {
			isa = PBXFrameworksBuildPhase;
			buildActionMask = 2147483647;
			files = (
			);
			runOnlyForDeploymentPostprocessing = 0;
		};
/* End PBXFrameworksBuildPhase section */

/* Begin PBXGroup section */
		53B268B42304D6CD0017C6CC = {
			isa = PBXGroup;
			children = (
				53B268BF2304D6CE0017C6CC /* CapturingPhotoSwift */,
				53B268BE2304D6CE0017C6CC /* Products */,
			);
			sourceTree = "<group>";
		};
		53B268BE2304D6CE0017C6CC /* Products */ = {
			isa = PBXGroup;
			children = (
				53B268BD2304D6CE0017C6CC /* CapturingPhotoSwift.app */,
			);
			name = Products;
			sourceTree = "<group>";
		};
		53B268BF2304D6CE0017C6CC /* CapturingPhotoSwift */ = {
			isa = PBXGroup;
			children = (
				53B268C02304D6CE0017C6CC /* AppDelegate.swift */,
				53B268C22304D6CE0017C6CC /* SceneDelegate.swift */,
				53B268C42304D6CE0017C6CC /* ContentView.swift */,
				53B268C62304D6CE0017C6CC /* Assets.xcassets */,
				53B268CB2304D6CE0017C6CC /* LaunchScreen.storyboard */,
				53B268CE2304D6CE0017C6CC /* Info.plist */,
				53B268C82304D6CE0017C6CC /* Preview Content */,
			);
			path = CapturingPhotoSwift;
			sourceTree = "<group>";
		};
		53B268C82304D6CE0017C6CC /* Preview Content */ = {
			isa = PBXGroup;
			children = (
				53B268C92304D6CE0017C6CC /* Preview Assets.xcassets */,
			);
			path = "Preview Content";
			sourceTree = "<group>";
		};
/* End PBXGroup section */

/* Begin PBXNativeTarget section */
		53B268BC2304D6CE0017C6CC /* CapturingPhotoSwift */ = {
			isa = PBXNativeTarget;
			buildConfigurationList = 53B268D12304D6CE0017C6CC /* Build configuration list for PBXNativeTarget "CapturingPhotoSwift" */;
			buildPhases = (
				53B268B92304D6CE0017C6CC /* Sources */,
				53B268BA2304D6CE0017C6CC /* Frameworks */,
				53B268BB2304D6CE0017C6CC /* Resources */,
			);
			buildRules = (
			);
			dependencies = (
			);
			name = CapturingPhotoSwift;
			productName = CapturingPhotoSwift;
			productReference = 53B268BD2304D6CE0017C6CC /* CapturingPhotoSwift.app */;
			productType = "com.apple.product-type.application";
		};
/* End PBXNativeTarget section */

/* Begin PBXProject section */
		53B268B52304D6CD0017C6CC /* Project object */ = {
			isa = PBXProject;
			attributes = {
				LastSwiftUpdateCheck = 1100;
				LastUpgradeCheck = 1100;
				ORGANIZATIONNAME = "Joseph Jung";
				TargetAttributes = {
					53B268BC2304D6CE0017C6CC = {
						CreatedOnToolsVersion = 11.0;
					};
				};
			};
			buildConfigurationList = 53B268B82304D6CD0017C6CC /* Build configuration list for PBXProject "CapturingPhotoSwift" */;
			compatibilityVersion = "Xcode 9.3";
			developmentRegion = en;
			hasScannedForEncodings = 0;
			knownRegions = (
				en,
				Base,
			);
			mainGroup = 53B268B42304D6CD0017C6CC;
			productRefGroup = 53B268BE2304D6CE0017C6CC /* Products */;
			projectDirPath = "";
			projectRoot = "";
			targets = (
				53B268BC2304D6CE0017C6CC /* CapturingPhotoSwift */,
			);
		};
/* End PBXProject section */

/* Begin PBXResourcesBuildPhase section */
		53B268BB2304D6CE0017C6CC /* Resources */ = {
			isa = PBXResourcesBuildPhase;
			buildActionMask = 2147483647;
			files = (
				53B268CD2304D6CE0017C6CC /* LaunchScreen.storyboard in Resources */,
				53B268CA2304D6CE0017C6CC /* Preview Assets.xcassets in Resources */,
				53B268C72304D6CE0017C6CC /* Assets.xcassets in Resources */,
			);
			runOnlyForDeploymentPostprocessing = 0;
		};
/* End PBXResourcesBuildPhase section */

/* Begin PBXSourcesBuildPhase section */
		53B268B92304D6CE0017C6CC /* Sources */ = {
			isa = PBXSourcesBuildPhase;
			buildActionMask = 2147483647;
			files = (
				53B268C12304D6CE0017C6CC /* AppDelegate.swift in Sources */,
				53B268C32304D6CE0017C6CC /* SceneDelegate.swift in Sources */,
				53B268C52304D6CE0017C6CC /* ContentView.swift in Sources */,
			);
			runOnlyForDeploymentPostprocessing = 0;
		};
/* End PBXSourcesBuildPhase section */

/* Begin PBXVariantGroup section */
		53B268CB2304D6CE0017C6CC /* LaunchScreen.storyboard */ = {
			isa = PBXVariantGroup;
			children = (
				53B268CC2304D6CE0017C6CC /* Base */,
			);
			name = LaunchScreen.storyboard;
			sourceTree = "<group>";
		};
/* End PBXVariantGroup section */

/* Begin XCBuildConfiguration section */
		53B268CF2304D6CE0017C6CC /* Debug */ = {
			isa = XCBuildConfiguration;
			buildSettings = {
				ALWAYS_SEARCH_USER_PATHS = NO;
				CLANG_ANALYZER_NONNULL = YES;
				CLANG_ANALYZER_NUMBER_OBJECT_CONVERSION = YES_AGGRESSIVE;
				CLANG_CXX_LANGUAGE_STANDARD = "gnu++14";
				CLANG_CXX_LIBRARY = "libc++";
				CLANG_ENABLE_MODULES = YES;
				CLANG_ENABLE_OBJC_ARC = YES;
				CLANG_ENABLE_OBJC_WEAK = YES;
				CLANG_WARN_BLOCK_CAPTURE_AUTORELEASING = YES;
				CLANG_WARN_BOOL_CONVERSION = YES;
				CLANG_WARN_COMMA = YES;
				CLANG_WARN_CONSTANT_CONVERSION = YES;
				CLANG_WARN_DEPRECATED_OBJC_IMPLEMENTATIONS = YES;
				CLANG_WARN_DIRECT_OBJC_ISA_USAGE = YES_ERROR;
				CLANG_WARN_DOCUMENTATION_COMMENTS = YES;
				CLANG_WARN_EMPTY_BODY = YES;
				CLANG_WARN_ENUM_CONVERSION = YES;
				CLANG_WARN_INFINITE_RECURSION = YES;
				CLANG_WARN_INT_CONVERSION = YES;
				CLANG_WARN_NON_LITERAL_NULL_CONVERSION = YES;
				CLANG_WARN_OBJC_IMPLICIT_RETAIN_SELF = YES;
				CLANG_WARN_OBJC_LITERAL_CONVERSION = YES;
				CLANG_WARN_OBJC_ROOT_CLASS = YES_ERROR;
				CLANG_WARN_RANGE_LOOP_ANALYSIS = YES;
				CLANG_WARN_STRICT_PROTOTYPES = YES;
				CLANG_WARN_SUSPICIOUS_MOVE = YES;
				CLANG_WARN_UNGUARDED_AVAILABILITY = YES_AGGRESSIVE;
				CLANG_WARN_UNREACHABLE_CODE = YES;
				CLANG_WARN__DUPLICATE_METHOD_MATCH = YES;
				COPY_PHASE_STRIP = NO;
				DEBUG_INFORMATION_FORMAT = dwarf;
				ENABLE_STRICT_OBJC_MSGSEND = YES;
				ENABLE_TESTABILITY = YES;
				GCC_C_LANGUAGE_STANDARD = gnu11;
				GCC_DYNAMIC_NO_PIC = NO;
				GCC_NO_COMMON_BLOCKS = YES;
				GCC_OPTIMIZATION_LEVEL = 0;
				GCC_PREPROCESSOR_DEFINITIONS = (
					"DEBUG=1",
					"$(inherited)",
				);
				GCC_WARN_64_TO_32_BIT_CONVERSION = YES;
				GCC_WARN_ABOUT_RETURN_TYPE = YES_ERROR;
				GCC_WARN_UNDECLARED_SELECTOR = YES;
				GCC_WARN_UNINITIALIZED_AUTOS = YES_AGGRESSIVE;
				GCC_WARN_UNUSED_FUNCTION = YES;
				GCC_WARN_UNUSED_VARIABLE = YES;
				IPHONEOS_DEPLOYMENT_TARGET = 13.0;
				MTL_ENABLE_DEBUG_INFO = INCLUDE_SOURCE;
				MTL_FAST_MATH = YES;
				ONLY_ACTIVE_ARCH = YES;
				SDKROOT = iphoneos;
				SWIFT_ACTIVE_COMPILATION_CONDITIONS = DEBUG;
				SWIFT_OPTIMIZATION_LEVEL = "-Onone";
			};
			name = Debug;
		};
		53B268D02304D6CE0017C6CC /* Release */ = {
			isa = XCBuildConfiguration;
			buildSettings = {
				ALWAYS_SEARCH_USER_PATHS = NO;
				CLANG_ANALYZER_NONNULL = YES;
				CLANG_ANALYZER_NUMBER_OBJECT_CONVERSION = YES_AGGRESSIVE;
				CLANG_CXX_LANGUAGE_STANDARD = "gnu++14";
				CLANG_CXX_LIBRARY = "libc++";
				CLANG_ENABLE_MODULES = YES;
				CLANG_ENABLE_OBJC_ARC = YES;
				CLANG_ENABLE_OBJC_WEAK = YES;
				CLANG_WARN_BLOCK_CAPTURE_AUTORELEASING = YES;
				CLANG_WARN_BOOL_CONVERSION = YES;
				CLANG_WARN_COMMA = YES;
				CLANG_WARN_CONSTANT_CONVERSION = YES;
				CLANG_WARN_DEPRECATED_OBJC_IMPLEMENTATIONS = YES;
				CLANG_WARN_DIRECT_OBJC_ISA_USAGE = YES_ERROR;
				CLANG_WARN_DOCUMENTATION_COMMENTS = YES;
				CLANG_WARN_EMPTY_BODY = YES;
				CLANG_WARN_ENUM_CONVERSION = YES;
				CLANG_WARN_INFINITE_RECURSION = YES;
				CLANG_WARN_INT_CONVERSION = YES;
				CLANG_WARN_NON_LITERAL_NULL_CONVERSION = YES;
				CLANG_WARN_OBJC_IMPLICIT_RETAIN_SELF = YES;
				CLANG_WARN_OBJC_LITERAL_CONVERSION = YES;
				CLANG_WARN_OBJC_ROOT_CLASS = YES_ERROR;
				CLANG_WARN_RANGE_LOOP_ANALYSIS = YES;
				CLANG_WARN_STRICT_PROTOTYPES = YES;
				CLANG_WARN_SUSPICIOUS_MOVE = YES;
				CLANG_WARN_UNGUARDED_AVAILABILITY = YES_AGGRESSIVE;
				CLANG_WARN_UNREACHABLE_CODE = YES;
				CLANG_WARN__DUPLICATE_METHOD_MATCH = YES;
				COPY_PHASE_STRIP = NO;
				DEBUG_INFORMATION_FORMAT = "dwarf-with-dsym";
				ENABLE_NS_ASSERTIONS = NO;
				ENABLE_STRICT_OBJC_MSGSEND = YES;
				GCC_C_LANGUAGE_STANDARD = gnu11;
				GCC_NO_COMMON_BLOCKS = YES;
				GCC_WARN_64_TO_32_BIT_CONVERSION = YES;
				GCC_WARN_ABOUT_RETURN_TYPE = YES_ERROR;
				GCC_WARN_UNDECLARED_SELECTOR = YES;
				GCC_WARN_UNINITIALIZED_AUTOS = YES_AGGRESSIVE;
				GCC_WARN_UNUSED_FUNCTION = YES;
				GCC_WARN_UNUSED_VARIABLE = YES;
				IPHONEOS_DEPLOYMENT_TARGET = 13.0;
				MTL_ENABLE_DEBUG_INFO = NO;
				MTL_FAST_MATH = YES;
				SDKROOT = iphoneos;
				SWIFT_COMPILATION_MODE = wholemodule;
				SWIFT_OPTIMIZATION_LEVEL = "-O";
				VALIDATE_PRODUCT = YES;
			};
			name = Release;
		};
		53B268D22304D6CE0017C6CC /* Debug */ = {
			isa = XCBuildConfiguration;
			buildSettings = {
				ASSETCATALOG_COMPILER_APPICON_NAME = AppIcon;
				CODE_SIGN_STYLE = Automatic;
				DEVELOPMENT_ASSET_PATHS = "CapturingPhotoSwift/Preview\\ Content";
				DEVELOPMENT_TEAM = 8GFL38QM4Q;
				ENABLE_PREVIEWS = YES;
				INFOPLIST_FILE = CapturingPhotoSwift/Info.plist;
				LD_RUNPATH_SEARCH_PATHS = (
					"$(inherited)",
					"@executable_path/Frameworks",
				);
				PRODUCT_BUNDLE_IDENTIFIER = com.CasaAdobeSoftware.CapturingPhotoSwift;
				PRODUCT_NAME = "$(TARGET_NAME)";
				SWIFT_VERSION = 5.0;
				TARGETED_DEVICE_FAMILY = "1,2";
			};
			name = Debug;
		};
		53B268D32304D6CE0017C6CC /* Release */ = {
			isa = XCBuildConfiguration;
			buildSettings = {
				ASSETCATALOG_COMPILER_APPICON_NAME = AppIcon;
				CODE_SIGN_STYLE = Automatic;
				DEVELOPMENT_ASSET_PATHS = "CapturingPhotoSwift/Preview\\ Content";
				DEVELOPMENT_TEAM = 8GFL38QM4Q;
				ENABLE_PREVIEWS = YES;
				INFOPLIST_FILE = CapturingPhotoSwift/Info.plist;
				LD_RUNPATH_SEARCH_PATHS = (
					"$(inherited)",
					"@executable_path/Frameworks",
				);
				PRODUCT_BUNDLE_IDENTIFIER = com.CasaAdobeSoftware.CapturingPhotoSwift;
				PRODUCT_NAME = "$(TARGET_NAME)";
				SWIFT_VERSION = 5.0;
				TARGETED_DEVICE_FAMILY = "1,2";
			};
			name = Release;
		};
/* End XCBuildConfiguration section */

/* Begin XCConfigurationList section */
		53B268B82304D6CD0017C6CC /* Build configuration list for PBXProject "CapturingPhotoSwift" */ = {
			isa = XCConfigurationList;
			buildConfigurations = (
				53B268CF2304D6CE0017C6CC /* Debug */,
				53B268D02304D6CE0017C6CC /* Release */,
			);
			defaultConfigurationIsVisible = 0;
			defaultConfigurationName = Release;
		};
		53B268D12304D6CE0017C6CC /* Build configuration list for PBXNativeTarget "CapturingPhotoSwift" */ = {
			isa = XCConfigurationList;
			buildConfigurations = (
				53B268D22304D6CE0017C6CC /* Debug */,
				53B268D32304D6CE0017C6CC /* Release */,
			);
			defaultConfigurationIsVisible = 0;
			defaultConfigurationName = Release;
		};
/* End XCConfigurationList section */
	};
	rootObject = 53B268B52304D6CD0017C6CC /* Project object */;
}
